// !$*UTF8*$!
{
	archiveVersion = 1;
	classes = {
	};
	objectVersion = 77;
	objects = {

/* Begin PBXBuildFile section */
		03B01234A3788EB0B6A5E84A /* GroupDetailView.swift in Sources */ = {isa = PBXBuildFile; fileRef = FD00E44D0D9A76F41CC67EF3 /* GroupDetailView.swift */; };
		0464895FD3233449F2194BDE /* User.swift in Sources */ = {isa = PBXBuildFile; fileRef = 40F0421F024AB86BC7D926B9 /* User.swift */; };
		0EB2AD830629576DABEE07D1 /* SimplifyDebtsView.swift in Sources */ = {isa = PBXBuildFile; fileRef = B2A1CCD39794D4FF69694DBF /* SimplifyDebtsView.swift */; };
		0EBDD0978DFA8F075D612F19 /* SplitwiseApp.swift in Sources */ = {isa = PBXBuildFile; fileRef = FE2A0F04C7DB2DD98DC4AA15 /* SplitwiseApp.swift */; };
		10CC265C53A4234859BDAE4F /* OnboardingView.swift in Sources */ = {isa = PBXBuildFile; fileRef = 98A739DC6C45A3FC56F7C1C2 /* OnboardingView.swift */; };
		14019CB131D9F7219695293F /* LocalizationManager.swift in Sources */ = {isa = PBXBuildFile; fileRef = 94F281401753CA8A346BE2E4 /* LocalizationManager.swift */; };
		16E7211A8FDE60FF3B3E9CA2 /* SampleData.swift in Sources */ = {isa = PBXBuildFile; fileRef = EB1AF04BC3C9A9F20F68DC95 /* SampleData.swift */; };
		182FDF491EA51529E37F5422 /* ExpenseSplit.swift in Sources */ = {isa = PBXBuildFile; fileRef = 2205450A9F0271BDD5990AB3 /* ExpenseSplit.swift */; };
		1F8F43FD49E38AE0F5E29392 /* ChartsView.swift in Sources */ = {isa = PBXBuildFile; fileRef = 16F497BB39F0C900B053EB89 /* ChartsView.swift */; };
		23A785C5F294389A79F85299 /* Localizable.xcstrings in Resources */ = {isa = PBXBuildFile; fileRef = 9025C69E6DB254660769F59B /* Localizable.xcstrings */; };
		23D91D91708B2B23AFF9DE0A /* Group.swift in Sources */ = {isa = PBXBuildFile; fileRef = BFD039E08E4A9D049E10D84A /* Group.swift */; };
		241378D658FF05003D655FE8 /* ActivityFeedView.swift in Sources */ = {isa = PBXBuildFile; fileRef = 541CBE2CEC80D5BDA31EE249 /* ActivityFeedView.swift */; };
		286E50CDC3EFF9A6B9ED0E4B /* CurrencyFormatter.swift in Sources */ = {isa = PBXBuildFile; fileRef = A6305BEE5EA67EB8E0E5E0FC /* CurrencyFormatter.swift */; };
		32358EED3652B26D8A920B55 /* AddExpenseView.swift in Sources */ = {isa = PBXBuildFile; fileRef = 8E2B0A91C6AE57C5A63ABB45 /* AddExpenseView.swift */; };
		37DED71DAA7716763E2BA975 /* FriendsListView.swift in Sources */ = {isa = PBXBuildFile; fileRef = 04795DBD3F6E5E68F8AA2773 /* FriendsListView.swift */; };
		3C46D5BEDD88A6DB4B2EDF3E /* SplitOptionsView.swift in Sources */ = {isa = PBXBuildFile; fileRef = C5E092EF0322B30A1007F725 /* SplitOptionsView.swift */; };
		4843FAA1A8D717209E292B80 /* MainView.swift in Sources */ = {isa = PBXBuildFile; fileRef = 52ABC5F522B760F050206C36 /* MainView.swift */; };
		4AF554FB0D35C25DC48FC263 /* CurrencyPicker.swift in Sources */ = {isa = PBXBuildFile; fileRef = 442E38856B7F52F915B131D4 /* CurrencyPicker.swift */; };
		56F116EB15CB583DEE595C38 /* AccountView.swift in Sources */ = {isa = PBXBuildFile; fileRef = D5BA1E34AFBE438DA65E5212 /* AccountView.swift */; };
		5C3BF866A4CA48D7C0D5109E /* ReceiptPickerView.swift in Sources */ = {isa = PBXBuildFile; fileRef = 169BD4FCD72C054AC794A0D8 /* ReceiptPickerView.swift */; };
		5D25717089853C183E07495A /* AppState.swift in Sources */ = {isa = PBXBuildFile; fileRef = 1D4160F1F8A7E4E54D06182F /* AppState.swift */; };
		5E3231BF53D79EB563BD5E97 /* ExportManager.swift in Sources */ = {isa = PBXBuildFile; fileRef = 5F4EFE3DACE2FA771F7175A5 /* ExportManager.swift */; };
		62B1F8334F1D058992CFDCB1 /* CategoryIconView.swift in Sources */ = {isa = PBXBuildFile; fileRef = 90C96711D4AD58B8AD6501B4 /* CategoryIconView.swift */; };
		6DD1B3327852C584B1D709C2 /* Settlement.swift in Sources */ = {isa = PBXBuildFile; fileRef = 857D66FEFA249437EE31CD1A /* Settlement.swift */; };
		6F000DD1FAEB135FDD7AD5FE /* ActivityLog.swift in Sources */ = {isa = PBXBuildFile; fileRef = 23225D68B2BB931F38F17F51 /* ActivityLog.swift */; };
		71A1ED268F41CF1FB659B68F /* StoreKit.storekit in Resources */ = {isa = PBXBuildFile; fileRef = A513CFED9698D00C3E7161F8 /* StoreKit.storekit */; };
		7CEB7E8D0F18A7CF9A90D72D /* ExportReportView.swift in Sources */ = {isa = PBXBuildFile; fileRef = 0B8775F697CF36F8C3635BE9 /* ExportReportView.swift */; };
		9C74FB96EC525664D95D3614 /* GroupSettingsView.swift in Sources */ = {isa = PBXBuildFile; fileRef = 1C8CF9666F2C774F0C4AF787 /* GroupSettingsView.swift */; };
		A154205A19BE822835F7DA29 /* AddFriendView.swift in Sources */ = {isa = PBXBuildFile; fileRef = FC1FDA0A2FC7674C81533547 /* AddFriendView.swift */; };
		A21C5C574EF82002F884082C /* BalanceBadge.swift in Sources */ = {isa = PBXBuildFile; fileRef = 1293272EFAA046FC069E3870 /* BalanceBadge.swift */; };
		AAA85376652408713FBD5614 /* GroupListView.swift in Sources */ = {isa = PBXBuildFile; fileRef = 3C71A01C8FF47B7B1C5F7190 /* GroupListView.swift */; };
		B319AECC3CC580C813812629 /* ReceiptScannerService.swift in Sources */ = {isa = PBXBuildFile; fileRef = 65B340D776FB8417C6A2BC48 /* ReceiptScannerService.swift */; };
		B8069AB870D2B19061A9C8FF /* ColorTheme.swift in Sources */ = {isa = PBXBuildFile; fileRef = AECE8BB1918D85239CA87247 /* ColorTheme.swift */; };
		B9830E9E1EF7223ECDD5FF83 /* Assets.xcassets in Resources */ = {isa = PBXBuildFile; fileRef = 3409B2C403D911C9D3F51C0B /* Assets.xcassets */; };
		BA2AA287476CEA42D93729A3 /* Expense.swift in Sources */ = {isa = PBXBuildFile; fileRef = 665D4BF26327BFACE6AADDFF /* Expense.swift */; };
		BD4EA6149047B72602CAC136 /* LaunchScreenView.swift in Sources */ = {isa = PBXBuildFile; fileRef = 1BF9F4588529F53E8FFBC3B3 /* LaunchScreenView.swift */; };
		C035D75A6323DC56E30BAD08 /* SettleUpView.swift in Sources */ = {isa = PBXBuildFile; fileRef = 252393345A60DFAC29B3781B /* SettleUpView.swift */; };
		C4CE77BDD783CEC676420916 /* SplitwiseProView.swift in Sources */ = {isa = PBXBuildFile; fileRef = 276917BAD86EDB1E73F7C5E1 /* SplitwiseProView.swift */; };
		C83011606FC24FA420DE4A88 /* DebtSimplifier.swift in Sources */ = {isa = PBXBuildFile; fileRef = C805858CFE508930F72957DD /* DebtSimplifier.swift */; };
		CEE287407A942073CA2CE815 /* CreateGroupView.swift in Sources */ = {isa = PBXBuildFile; fileRef = 3C7F26B85E1ECACD432E58D9 /* CreateGroupView.swift */; };
		DB1C6D6F2E6049A1D317B046 /* ExpenseDetailView.swift in Sources */ = {isa = PBXBuildFile; fileRef = D83AF2179F158E9A861F2C99 /* ExpenseDetailView.swift */; };
		E2C7EFE0EC0BADE6A8331FA8 /* PrivacyInfo.xcprivacy in Resources */ = {isa = PBXBuildFile; fileRef = EF79B4D286EC830119E3DDB1 /* PrivacyInfo.xcprivacy */; };
		E69E54DBA176BDC915167128 /* ProSubscriptionManager.swift in Sources */ = {isa = PBXBuildFile; fileRef = C7F9FDC5112809A5F2EA027D /* ProSubscriptionManager.swift */; };
		EBE8D53EE7941D50480C825A /* LanguageSelectionView.swift in Sources */ = {isa = PBXBuildFile; fileRef = AEC54C3499774669A612005F /* LanguageSelectionView.swift */; };
		EC5DC8D565C1A8333424CB09 /* FriendDetailView.swift in Sources */ = {isa = PBXBuildFile; fileRef = 1B8405A287DA35F59D60F2B9 /* FriendDetailView.swift */; };
		F7D634B0A76F808AE180BCF4 /* Bundle+Localization.swift in Sources */ = {isa = PBXBuildFile; fileRef = 1F3E915707ECD333AADE1162 /* Bundle+Localization.swift */; };
/* End PBXBuildFile section */

/* Begin PBXFileReference section */
		04795DBD3F6E5E68F8AA2773 /* FriendsListView.swift */ = {isa = PBXFileReference; lastKnownFileType = sourcecode.swift; path = FriendsListView.swift; sourceTree = "<group>"; };
		0B8775F697CF36F8C3635BE9 /* ExportReportView.swift */ = {isa = PBXFileReference; lastKnownFileType = sourcecode.swift; path = ExportReportView.swift; sourceTree = "<group>"; };
		1293272EFAA046FC069E3870 /* BalanceBadge.swift */ = {isa = PBXFileReference; lastKnownFileType = sourcecode.swift; path = BalanceBadge.swift; sourceTree = "<group>"; };
		169BD4FCD72C054AC794A0D8 /* ReceiptPickerView.swift */ = {isa = PBXFileReference; lastKnownFileType = sourcecode.swift; path = ReceiptPickerView.swift; sourceTree = "<group>"; };
		16F497BB39F0C900B053EB89 /* ChartsView.swift */ = {isa = PBXFileReference; lastKnownFileType = sourcecode.swift; path = ChartsView.swift; sourceTree = "<group>"; };
		1B8405A287DA35F59D60F2B9 /* FriendDetailView.swift */ = {isa = PBXFileReference; lastKnownFileType = sourcecode.swift; path = FriendDetailView.swift; sourceTree = "<group>"; };
		1BF9F4588529F53E8FFBC3B3 /* LaunchScreenView.swift */ = {isa = PBXFileReference; lastKnownFileType = sourcecode.swift; path = LaunchScreenView.swift; sourceTree = "<group>"; };
		1C8CF9666F2C774F0C4AF787 /* GroupSettingsView.swift */ = {isa = PBXFileReference; lastKnownFileType = sourcecode.swift; path = GroupSettingsView.swift; sourceTree = "<group>"; };
		1D4160F1F8A7E4E54D06182F /* AppState.swift */ = {isa = PBXFileReference; lastKnownFileType = sourcecode.swift; path = AppState.swift; sourceTree = "<group>"; };
		1F3E915707ECD333AADE1162 /* Bundle+Localization.swift */ = {isa = PBXFileReference; lastKnownFileType = sourcecode.swift; path = "Bundle+Localization.swift"; sourceTree = "<group>"; };
		2205450A9F0271BDD5990AB3 /* ExpenseSplit.swift */ = {isa = PBXFileReference; lastKnownFileType = sourcecode.swift; path = ExpenseSplit.swift; sourceTree = "<group>"; };
		23225D68B2BB931F38F17F51 /* ActivityLog.swift */ = {isa = PBXFileReference; lastKnownFileType = sourcecode.swift; path = ActivityLog.swift; sourceTree = "<group>"; };
		252393345A60DFAC29B3781B /* SettleUpView.swift */ = {isa = PBXFileReference; lastKnownFileType = sourcecode.swift; path = SettleUpView.swift; sourceTree = "<group>"; };
		276917BAD86EDB1E73F7C5E1 /* SplitwiseProView.swift */ = {isa = PBXFileReference; lastKnownFileType = sourcecode.swift; path = SplitwiseProView.swift; sourceTree = "<group>"; };
		3409B2C403D911C9D3F51C0B /* Assets.xcassets */ = {isa = PBXFileReference; lastKnownFileType = folder.assetcatalog; path = Assets.xcassets; sourceTree = "<group>"; };
		3C71A01C8FF47B7B1C5F7190 /* GroupListView.swift */ = {isa = PBXFileReference; lastKnownFileType = sourcecode.swift; path = GroupListView.swift; sourceTree = "<group>"; };
		3C7F26B85E1ECACD432E58D9 /* CreateGroupView.swift */ = {isa = PBXFileReference; lastKnownFileType = sourcecode.swift; path = CreateGroupView.swift; sourceTree = "<group>"; };
		40F0421F024AB86BC7D926B9 /* User.swift */ = {isa = PBXFileReference; lastKnownFileType = sourcecode.swift; path = User.swift; sourceTree = "<group>"; };
		442E38856B7F52F915B131D4 /* CurrencyPicker.swift */ = {isa = PBXFileReference; lastKnownFileType = sourcecode.swift; path = CurrencyPicker.swift; sourceTree = "<group>"; };
		4B86614DA51BD09683BB6850 /* SplitwiseApp.app */ = {isa = PBXFileReference; includeInIndex = 0; lastKnownFileType = wrapper.application; path = SplitwiseApp.app; sourceTree = BUILT_PRODUCTS_DIR; };
		52ABC5F522B760F050206C36 /* MainView.swift */ = {isa = PBXFileReference; lastKnownFileType = sourcecode.swift; path = MainView.swift; sourceTree = "<group>"; };
		541CBE2CEC80D5BDA31EE249 /* ActivityFeedView.swift */ = {isa = PBXFileReference; lastKnownFileType = sourcecode.swift; path = ActivityFeedView.swift; sourceTree = "<group>"; };
		5F4EFE3DACE2FA771F7175A5 /* ExportManager.swift */ = {isa = PBXFileReference; lastKnownFileType = sourcecode.swift; path = ExportManager.swift; sourceTree = "<group>"; };
		65B340D776FB8417C6A2BC48 /* ReceiptScannerService.swift */ = {isa = PBXFileReference; lastKnownFileType = sourcecode.swift; path = ReceiptScannerService.swift; sourceTree = "<group>"; };
		665D4BF26327BFACE6AADDFF /* Expense.swift */ = {isa = PBXFileReference; lastKnownFileType = sourcecode.swift; path = Expense.swift; sourceTree = "<group>"; };
		857D66FEFA249437EE31CD1A /* Settlement.swift */ = {isa = PBXFileReference; lastKnownFileType = sourcecode.swift; path = Settlement.swift; sourceTree = "<group>"; };
		8E2B0A91C6AE57C5A63ABB45 /* AddExpenseView.swift */ = {isa = PBXFileReference; lastKnownFileType = sourcecode.swift; path = AddExpenseView.swift; sourceTree = "<group>"; };
		9025C69E6DB254660769F59B /* Localizable.xcstrings */ = {isa = PBXFileReference; lastKnownFileType = text.json.xcstrings; path = Localizable.xcstrings; sourceTree = "<group>"; };
		90C96711D4AD58B8AD6501B4 /* CategoryIconView.swift */ = {isa = PBXFileReference; lastKnownFileType = sourcecode.swift; path = CategoryIconView.swift; sourceTree = "<group>"; };
		94F281401753CA8A346BE2E4 /* LocalizationManager.swift */ = {isa = PBXFileReference; lastKnownFileType = sourcecode.swift; path = LocalizationManager.swift; sourceTree = "<group>"; };
		98A739DC6C45A3FC56F7C1C2 /* OnboardingView.swift */ = {isa = PBXFileReference; lastKnownFileType = sourcecode.swift; path = OnboardingView.swift; sourceTree = "<group>"; };
		A513CFED9698D00C3E7161F8 /* StoreKit.storekit */ = {isa = PBXFileReference; path = StoreKit.storekit; sourceTree = "<group>"; };
		A6305BEE5EA67EB8E0E5E0FC /* CurrencyFormatter.swift */ = {isa = PBXFileReference; lastKnownFileType = sourcecode.swift; path = CurrencyFormatter.swift; sourceTree = "<group>"; };
		AEC54C3499774669A612005F /* LanguageSelectionView.swift */ = {isa = PBXFileReference; lastKnownFileType = sourcecode.swift; path = LanguageSelectionView.swift; sourceTree = "<group>"; };
		AECE8BB1918D85239CA87247 /* ColorTheme.swift */ = {isa = PBXFileReference; lastKnownFileType = sourcecode.swift; path = ColorTheme.swift; sourceTree = "<group>"; };
		B2A1CCD39794D4FF69694DBF /* SimplifyDebtsView.swift */ = {isa = PBXFileReference; lastKnownFileType = sourcecode.swift; path = SimplifyDebtsView.swift; sourceTree = "<group>"; };
		BFD039E08E4A9D049E10D84A /* Group.swift */ = {isa = PBXFileReference; lastKnownFileType = sourcecode.swift; path = Group.swift; sourceTree = "<group>"; };
		C5E092EF0322B30A1007F725 /* SplitOptionsView.swift */ = {isa = PBXFileReference; lastKnownFileType = sourcecode.swift; path = SplitOptionsView.swift; sourceTree = "<group>"; };
		C7F9FDC5112809A5F2EA027D /* ProSubscriptionManager.swift */ = {isa = PBXFileReference; lastKnownFileType = sourcecode.swift; path = ProSubscriptionManager.swift; sourceTree = "<group>"; };
		C805858CFE508930F72957DD /* DebtSimplifier.swift */ = {isa = PBXFileReference; lastKnownFileType = sourcecode.swift; path = DebtSimplifier.swift; sourceTree = "<group>"; };
		D5BA1E34AFBE438DA65E5212 /* AccountView.swift */ = {isa = PBXFileReference; lastKnownFileType = sourcecode.swift; path = AccountView.swift; sourceTree = "<group>"; };
		D83AF2179F158E9A861F2C99 /* ExpenseDetailView.swift */ = {isa = PBXFileReference; lastKnownFileType = sourcecode.swift; path = ExpenseDetailView.swift; sourceTree = "<group>"; };
		EB1AF04BC3C9A9F20F68DC95 /* SampleData.swift */ = {isa = PBXFileReference; lastKnownFileType = sourcecode.swift; path = SampleData.swift; sourceTree = "<group>"; };
		EF79B4D286EC830119E3DDB1 /* PrivacyInfo.xcprivacy */ = {isa = PBXFileReference; path = PrivacyInfo.xcprivacy; sourceTree = "<group>"; };
		FC1FDA0A2FC7674C81533547 /* AddFriendView.swift */ = {isa = PBXFileReference; lastKnownFileType = sourcecode.swift; path = AddFriendView.swift; sourceTree = "<group>"; };
		FD00E44D0D9A76F41CC67EF3 /* GroupDetailView.swift */ = {isa = PBXFileReference; lastKnownFileType = sourcecode.swift; path = GroupDetailView.swift; sourceTree = "<group>"; };
		FE2A0F04C7DB2DD98DC4AA15 /* SplitwiseApp.swift */ = {isa = PBXFileReference; lastKnownFileType = sourcecode.swift; path = SplitwiseApp.swift; sourceTree = "<group>"; };
/* End PBXFileReference section */

/* Begin PBXGroup section */
		1E06DD363C7AF62CF14AFE21 /* Launch */ = {
			isa = PBXGroup;
			children = (
				1BF9F4588529F53E8FFBC3B3 /* LaunchScreenView.swift */,
			);
			path = Launch;
			sourceTree = "<group>";
		};
		2CF589DC70286FB8D8BE4B5A /* Activity */ = {
			isa = PBXGroup;
			children = (
				541CBE2CEC80D5BDA31EE249 /* ActivityFeedView.swift */,
			);
			path = Activity;
			sourceTree = "<group>";
		};
		2D7A8ED694159F91B36B68F9 /* Analytics */ = {
			isa = PBXGroup;
			children = (
				16F497BB39F0C900B053EB89 /* ChartsView.swift */,
				0B8775F697CF36F8C3635BE9 /* ExportReportView.swift */,
			);
			path = Analytics;
			sourceTree = "<group>";
		};
		3F195CFEC2F09627DADD437B /* Resources */ = {
			isa = PBXGroup;
			children = (
				3409B2C403D911C9D3F51C0B /* Assets.xcassets */,
				9025C69E6DB254660769F59B /* Localizable.xcstrings */,
				A513CFED9698D00C3E7161F8 /* StoreKit.storekit */,
			);
			path = Resources;
			sourceTree = "<group>";
		};
		5859BB05FFEF0E34ACB7F04A /* Views */ = {
			isa = PBXGroup;
			children = (
				52ABC5F522B760F050206C36 /* MainView.swift */,
				FEEDEA8D8E84EF2DB15C895B /* Account */,
				2CF589DC70286FB8D8BE4B5A /* Activity */,
				2D7A8ED694159F91B36B68F9 /* Analytics */,
				D8327FFB0AAC1C7ABEAEDAFD /* Components */,
				DACB41D9549BFF32658980B3 /* Expense */,
				FE4581C9CBAB77BFC4E04FE5 /* Friends */,
				F2CC4C116CD2A4A8CA0E268E /* Groups */,
				1E06DD363C7AF62CF14AFE21 /* Launch */,
				5B26702E0A69C4CD05C39A71 /* Onboarding */,
				5AD436770B4DCFBD53BFB9D4 /* Settlement */,
			);
			path = Views;
			sourceTree = "<group>";
		};
		5AD436770B4DCFBD53BFB9D4 /* Settlement */ = {
			isa = PBXGroup;
			children = (
				252393345A60DFAC29B3781B /* SettleUpView.swift */,
			);
			path = Settlement;
			sourceTree = "<group>";
		};
		5B26702E0A69C4CD05C39A71 /* Onboarding */ = {
			isa = PBXGroup;
			children = (
				98A739DC6C45A3FC56F7C1C2 /* OnboardingView.swift */,
			);
			path = Onboarding;
			sourceTree = "<group>";
		};
		765247D774A22F08ED557DD5 /* Models */ = {
			isa = PBXGroup;
			children = (
				23225D68B2BB931F38F17F51 /* ActivityLog.swift */,
				665D4BF26327BFACE6AADDFF /* Expense.swift */,
				2205450A9F0271BDD5990AB3 /* ExpenseSplit.swift */,
				BFD039E08E4A9D049E10D84A /* Group.swift */,
				C7F9FDC5112809A5F2EA027D /* ProSubscriptionManager.swift */,
				857D66FEFA249437EE31CD1A /* Settlement.swift */,
				40F0421F024AB86BC7D926B9 /* User.swift */,
			);
			path = Models;
			sourceTree = "<group>";
		};
		834338BB3747DCA49BE86F96 /* Utilities */ = {
			isa = PBXGroup;
			children = (
				AECE8BB1918D85239CA87247 /* ColorTheme.swift */,
				A6305BEE5EA67EB8E0E5E0FC /* CurrencyFormatter.swift */,
			);
			path = Utilities;
			sourceTree = "<group>";
		};
		9159D6D2AD85E6D7FF182A9B /* SplitwiseApp */ = {
			isa = PBXGroup;
			children = (
				EF79B4D286EC830119E3DDB1 /* PrivacyInfo.xcprivacy */,
				DE2770CEC2313D7FDC6857E5 /* App */,
				765247D774A22F08ED557DD5 /* Models */,
				3F195CFEC2F09627DADD437B /* Resources */,
				9A07EF826E87FF144ED13E30 /* Services */,
				834338BB3747DCA49BE86F96 /* Utilities */,
				5859BB05FFEF0E34ACB7F04A /* Views */,
			);
			path = SplitwiseApp;
			sourceTree = "<group>";
		};
		9A07EF826E87FF144ED13E30 /* Services */ = {
			isa = PBXGroup;
			children = (
				C805858CFE508930F72957DD /* DebtSimplifier.swift */,
				5F4EFE3DACE2FA771F7175A5 /* ExportManager.swift */,
				65B340D776FB8417C6A2BC48 /* ReceiptScannerService.swift */,
				EB1AF04BC3C9A9F20F68DC95 /* SampleData.swift */,
			);
			path = Services;
			sourceTree = "<group>";
		};
		B147CAFE9645E1900FC79E07 /* Products */ = {
			isa = PBXGroup;
			children = (
				4B86614DA51BD09683BB6850 /* SplitwiseApp.app */,
			);
			name = Products;
			sourceTree = "<group>";
		};
		D04EA38BB1B48A0FCA997F5F = {
			isa = PBXGroup;
			children = (
				9159D6D2AD85E6D7FF182A9B /* SplitwiseApp */,
				B147CAFE9645E1900FC79E07 /* Products */,
			);
			sourceTree = "<group>";
		};
		D8327FFB0AAC1C7ABEAEDAFD /* Components */ = {
			isa = PBXGroup;
			children = (
				1293272EFAA046FC069E3870 /* BalanceBadge.swift */,
				90C96711D4AD58B8AD6501B4 /* CategoryIconView.swift */,
				442E38856B7F52F915B131D4 /* CurrencyPicker.swift */,
			);
			path = Components;
			sourceTree = "<group>";
		};
		DACB41D9549BFF32658980B3 /* Expense */ = {
			isa = PBXGroup;
			children = (
				8E2B0A91C6AE57C5A63ABB45 /* AddExpenseView.swift */,
				D83AF2179F158E9A861F2C99 /* ExpenseDetailView.swift */,
				169BD4FCD72C054AC794A0D8 /* ReceiptPickerView.swift */,
				C5E092EF0322B30A1007F725 /* SplitOptionsView.swift */,
			);
			path = Expense;
			sourceTree = "<group>";
		};
		DE2770CEC2313D7FDC6857E5 /* App */ = {
			isa = PBXGroup;
			children = (
				1D4160F1F8A7E4E54D06182F /* AppState.swift */,
				1F3E915707ECD333AADE1162 /* Bundle+Localization.swift */,
				94F281401753CA8A346BE2E4 /* LocalizationManager.swift */,
				FE2A0F04C7DB2DD98DC4AA15 /* SplitwiseApp.swift */,
			);
			path = App;
			sourceTree = "<group>";
		};
		F2CC4C116CD2A4A8CA0E268E /* Groups */ = {
			isa = PBXGroup;
			children = (
				3C7F26B85E1ECACD432E58D9 /* CreateGroupView.swift */,
				FD00E44D0D9A76F41CC67EF3 /* GroupDetailView.swift */,
				3C71A01C8FF47B7B1C5F7190 /* GroupListView.swift */,
				1C8CF9666F2C774F0C4AF787 /* GroupSettingsView.swift */,
				B2A1CCD39794D4FF69694DBF /* SimplifyDebtsView.swift */,
			);
			path = Groups;
			sourceTree = "<group>";
		};
		FE4581C9CBAB77BFC4E04FE5 /* Friends */ = {
			isa = PBXGroup;
			children = (
				FC1FDA0A2FC7674C81533547 /* AddFriendView.swift */,
				1B8405A287DA35F59D60F2B9 /* FriendDetailView.swift */,
				04795DBD3F6E5E68F8AA2773 /* FriendsListView.swift */,
			);
			path = Friends;
			sourceTree = "<group>";
		};
		FEEDEA8D8E84EF2DB15C895B /* Account */ = {
			isa = PBXGroup;
			children = (
				D5BA1E34AFBE438DA65E5212 /* AccountView.swift */,
				AEC54C3499774669A612005F /* LanguageSelectionView.swift */,
				276917BAD86EDB1E73F7C5E1 /* SplitwiseProView.swift */,
			);
			path = Account;
			sourceTree = "<group>";
		};
/* End PBXGroup section */

/* Begin PBXNativeTarget section */
		AD98287837BE93E01207691E /* SplitwiseApp */ = {
			isa = PBXNativeTarget;
			buildConfigurationList = CD97F480178583B221C52011 /* Build configuration list for PBXNativeTarget "SplitwiseApp" */;
			buildPhases = (
				B9A7653C1E1134EB17E3CC6F /* Sources */,
				918740A5008286C56C5AB0F5 /* Resources */,
			);
			buildRules = (
			);
			dependencies = (
			);
			name = SplitwiseApp;
			packageProductDependencies = (
			);
			productName = SplitwiseApp;
			productReference = 4B86614DA51BD09683BB6850 /* SplitwiseApp.app */;
			productType = "com.apple.product-type.application";
		};
/* End PBXNativeTarget section */

/* Begin PBXProject section */
		7CDF7093C1379716A9B2D767 /* Project object */ = {
			isa = PBXProject;
			attributes = {
				BuildIndependentTargetsInParallel = YES;
				LastUpgradeCheck = 1430;
				TargetAttributes = {
					AD98287837BE93E01207691E = {
						ProvisioningStyle = Automatic;
					};
				};
			};
			buildConfigurationList = 9D13921B48CF3F9AB51ECACB /* Build configuration list for PBXProject "SplitwiseApp" */;
			developmentRegion = en;
			hasScannedForEncodings = 0;
			knownRegions = (
				Base,
				en,
				ja,
				ko,
				"zh-Hans",
				"zh-Hant",
			);
			mainGroup = D04EA38BB1B48A0FCA997F5F;
			minimizedProjectReferenceProxies = 1;
			preferredProjectObjectVersion = 77;
			productRefGroup = B147CAFE9645E1900FC79E07 /* Products */;
			projectDirPath = "";
			projectRoot = "";
			targets = (
				AD98287837BE93E01207691E /* SplitwiseApp */,
			);
		};
/* End PBXProject section */

/* Begin PBXResourcesBuildPhase section */
		918740A5008286C56C5AB0F5 /* Resources */ = {
			isa = PBXResourcesBuildPhase;
			buildActionMask = 2147483647;
			files = (
				B9830E9E1EF7223ECDD5FF83 /* Assets.xcassets in Resources */,
				23A785C5F294389A79F85299 /* Localizable.xcstrings in Resources */,
				E2C7EFE0EC0BADE6A8331FA8 /* PrivacyInfo.xcprivacy in Resources */,
				71A1ED268F41CF1FB659B68F /* StoreKit.storekit in Resources */,
			);
			runOnlyForDeploymentPostprocessing = 0;
		};
/* End PBXResourcesBuildPhase section */

/* Begin PBXSourcesBuildPhase section */
		B9A7653C1E1134EB17E3CC6F /* Sources */ = {
			isa = PBXSourcesBuildPhase;
			buildActionMask = 2147483647;
			files = (
				56F116EB15CB583DEE595C38 /* AccountView.swift in Sources */,
				241378D658FF05003D655FE8 /* ActivityFeedView.swift in Sources */,
				6F000DD1FAEB135FDD7AD5FE /* ActivityLog.swift in Sources */,
				32358EED3652B26D8A920B55 /* AddExpenseView.swift in Sources */,
				A154205A19BE822835F7DA29 /* AddFriendView.swift in Sources */,
				5D25717089853C183E07495A /* AppState.swift in Sources */,
				A21C5C574EF82002F884082C /* BalanceBadge.swift in Sources */,
				F7D634B0A76F808AE180BCF4 /* Bundle+Localization.swift in Sources */,
				62B1F8334F1D058992CFDCB1 /* CategoryIconView.swift in Sources */,
				1F8F43FD49E38AE0F5E29392 /* ChartsView.swift in Sources */,
				B8069AB870D2B19061A9C8FF /* ColorTheme.swift in Sources */,
				CEE287407A942073CA2CE815 /* CreateGroupView.swift in Sources */,
				286E50CDC3EFF9A6B9ED0E4B /* CurrencyFormatter.swift in Sources */,
				4AF554FB0D35C25DC48FC263 /* CurrencyPicker.swift in Sources */,
				C83011606FC24FA420DE4A88 /* DebtSimplifier.swift in Sources */,
				BA2AA287476CEA42D93729A3 /* Expense.swift in Sources */,
				DB1C6D6F2E6049A1D317B046 /* ExpenseDetailView.swift in Sources */,
				182FDF491EA51529E37F5422 /* ExpenseSplit.swift in Sources */,
				5E3231BF53D79EB563BD5E97 /* ExportManager.swift in Sources */,
				7CEB7E8D0F18A7CF9A90D72D /* ExportReportView.swift in Sources */,
				EC5DC8D565C1A8333424CB09 /* FriendDetailView.swift in Sources */,
				37DED71DAA7716763E2BA975 /* FriendsListView.swift in Sources */,
				23D91D91708B2B23AFF9DE0A /* Group.swift in Sources */,
				03B01234A3788EB0B6A5E84A /* GroupDetailView.swift in Sources */,
				AAA85376652408713FBD5614 /* GroupListView.swift in Sources */,
				9C74FB96EC525664D95D3614 /* GroupSettingsView.swift in Sources */,
				EBE8D53EE7941D50480C825A /* LanguageSelectionView.swift in Sources */,
				BD4EA6149047B72602CAC136 /* LaunchScreenView.swift in Sources */,
				14019CB131D9F7219695293F /* LocalizationManager.swift in Sources */,
				4843FAA1A8D717209E292B80 /* MainView.swift in Sources */,
				10CC265C53A4234859BDAE4F /* OnboardingView.swift in Sources */,
				E69E54DBA176BDC915167128 /* ProSubscriptionManager.swift in Sources */,
				5C3BF866A4CA48D7C0D5109E /* ReceiptPickerView.swift in Sources */,
				B319AECC3CC580C813812629 /* ReceiptScannerService.swift in Sources */,
				16E7211A8FDE60FF3B3E9CA2 /* SampleData.swift in Sources */,
				C035D75A6323DC56E30BAD08 /* SettleUpView.swift in Sources */,
				6DD1B3327852C584B1D709C2 /* Settlement.swift in Sources */,
				0EB2AD830629576DABEE07D1 /* SimplifyDebtsView.swift in Sources */,
				3C46D5BEDD88A6DB4B2EDF3E /* SplitOptionsView.swift in Sources */,
				0EBDD0978DFA8F075D612F19 /* SplitwiseApp.swift in Sources */,
				C4CE77BDD783CEC676420916 /* SplitwiseProView.swift in Sources */,
				0464895FD3233449F2194BDE /* User.swift in Sources */,
			);
			runOnlyForDeploymentPostprocessing = 0;
		};
/* End PBXSourcesBuildPhase section */

/* Begin XCBuildConfiguration section */
		7561981EC926CF7495CE20CD /* Release */ = {
			isa = XCBuildConfiguration;
			buildSettings = {
				ASSETCATALOG_COMPILER_APPICON_NAME = AppIcon;
				CODE_SIGN_IDENTITY = "iPhone Developer";
				CURRENT_PROJECT_VERSION = 1;
				ENABLE_USER_SCRIPT_SANDBOXING = NO;
				GENERATE_INFOPLIST_FILE = NO;
				INFOPLIST_FILE = SplitwiseApp/App/Info.plist;
				IPHONEOS_DEPLOYMENT_TARGET = 17.0;
				LD_RUNPATH_SEARCH_PATHS = (
					"$(inherited)",
					"@executable_path/Frameworks",
				);
				MARKETING_VERSION = 1.0.0;
				PRODUCT_BUNDLE_IDENTIFIER = com.splitwise.ios.app;
				PRODUCT_NAME = SplitwiseApp;
				SDKROOT = iphoneos;
				SWIFT_EMIT_LOC_STRINGS = YES;
				TARGETED_DEVICE_FAMILY = "1,2";
			};
			name = Release;
		};
		947AC13A2715174FDD1D967D /* Debug */ = {
			isa = XCBuildConfiguration;
			buildSettings = {
				ASSETCATALOG_COMPILER_APPICON_NAME = AppIcon;
				CODE_SIGN_IDENTITY = "iPhone Developer";
				CURRENT_PROJECT_VERSION = 1;
				ENABLE_USER_SCRIPT_SANDBOXING = NO;
				GENERATE_INFOPLIST_FILE = NO;
				INFOPLIST_FILE = SplitwiseApp/App/Info.plist;
				IPHONEOS_DEPLOYMENT_TARGET = 17.0;
				LD_RUNPATH_SEARCH_PATHS = (
					"$(inherited)",
					"@executable_path/Frameworks",
				);
				MARKETING_VERSION = 1.0.0;
				PRODUCT_BUNDLE_IDENTIFIER = com.splitwise.ios.app;
				PRODUCT_NAME = SplitwiseApp;
				SDKROOT = iphoneos;
				SWIFT_EMIT_LOC_STRINGS = YES;
				TARGETED_DEVICE_FAMILY = "1,2";
			};
			name = Debug;
		};
		A8C29F8FB2783F1C6C367E42 /* Release */ = {
			isa = XCBuildConfiguration;
			buildSettings = {
				ALWAYS_SEARCH_USER_PATHS = NO;
				CLANG_ANALYZER_NONNULL = YES;
				CLANG_ANALYZER_NUMBER_OBJECT_CONVERSION = YES_AGGRESSIVE;
				CLANG_CXX_LANGUAGE_STANDARD = "gnu++14";
				CLANG_CXX_LIBRARY = "libc++";
				CLANG_ENABLE_MODULES = YES;
				CLANG_ENABLE_OBJC_ARC = YES;
				CLANG_ENABLE_OBJC_WEAK = YES;
				CLANG_WARN_BLOCK_CAPTURE_AUTORELEASING = YES;
				CLANG_WARN_BOOL_CONVERSION = YES;
				CLANG_WARN_COMMA = YES;
				CLANG_WARN_CONSTANT_CONVERSION = YES;
				CLANG_WARN_DEPRECATED_OBJC_IMPLEMENTATIONS = YES;
				CLANG_WARN_DIRECT_OBJC_ISA_USAGE = YES_ERROR;
				CLANG_WARN_DOCUMENTATION_COMMENTS = YES;
				CLANG_WARN_EMPTY_BODY = YES;
				CLANG_WARN_ENUM_CONVERSION = YES;
				CLANG_WARN_INFINITE_RECURSION = YES;
				CLANG_WARN_INT_CONVERSION = YES;
				CLANG_WARN_NON_LITERAL_NULL_CONVERSION = YES;
				CLANG_WARN_OBJC_IMPLICIT_RETAIN_SELF = YES;
				CLANG_WARN_OBJC_LITERAL_CONVERSION = YES;
				CLANG_WARN_OBJC_ROOT_CLASS = YES_ERROR;
				CLANG_WARN_QUOTED_INCLUDE_IN_FRAMEWORK_HEADER = YES;
				CLANG_WARN_RANGE_LOOP_ANALYSIS = YES;
				CLANG_WARN_STRICT_PROTOTYPES = YES;
				CLANG_WARN_SUSPICIOUS_MOVE = YES;
				CLANG_WARN_UNGUARDED_AVAILABILITY = YES_AGGRESSIVE;
				CLANG_WARN_UNREACHABLE_CODE = YES;
				CLANG_WARN__DUPLICATE_METHOD_MATCH = YES;
				CODE_SIGN_STYLE = Automatic;
				COPY_PHASE_STRIP = NO;
				DEBUG_INFORMATION_FORMAT = "dwarf-with-dsym";
				ENABLE_NS_ASSERTIONS = NO;
				ENABLE_STRICT_OBJC_MSGSEND = YES;
				GCC_C_LANGUAGE_STANDARD = gnu11;
				GCC_NO_COMMON_BLOCKS = YES;
				GCC_WARN_64_TO_32_BIT_CONVERSION = YES;
				GCC_WARN_ABOUT_RETURN_TYPE = YES_ERROR;
				GCC_WARN_UNDECLARED_SELECTOR = YES;
				GCC_WARN_UNINITIALIZED_AUTOS = YES_AGGRESSIVE;
				GCC_WARN_UNUSED_FUNCTION = YES;
				GCC_WARN_UNUSED_VARIABLE = YES;
				IPHONEOS_DEPLOYMENT_TARGET = 17.0;
				MTL_ENABLE_DEBUG_INFO = NO;
				MTL_FAST_MATH = YES;
				PRODUCT_NAME = "$(TARGET_NAME)";
				SDKROOT = iphoneos;
				SWIFT_COMPILATION_MODE = wholemodule;
				SWIFT_OPTIMIZATION_LEVEL = "-O";
				SWIFT_VERSION = 5.0;
			};
			name = Release;
		};
		BB25E7799D18F2281E235E86 /* Debug */ = {
			isa = XCBuildConfiguration;
			buildSettings = {
				ALWAYS_SEARCH_USER_PATHS = NO;
				CLANG_ANALYZER_NONNULL = YES;
				CLANG_ANALYZER_NUMBER_OBJECT_CONVERSION = YES_AGGRESSIVE;
				CLANG_CXX_LANGUAGE_STANDARD = "gnu++14";
				CLANG_CXX_LIBRARY = "libc++";
				CLANG_ENABLE_MODULES = YES;
				CLANG_ENABLE_OBJC_ARC = YES;
				CLANG_ENABLE_OBJC_WEAK = YES;
				CLANG_WARN_BLOCK_CAPTURE_AUTORELEASING = YES;
				CLANG_WARN_BOOL_CONVERSION = YES;
				CLANG_WARN_COMMA = YES;
				CLANG_WARN_CONSTANT_CONVERSION = YES;
				CLANG_WARN_DEPRECATED_OBJC_IMPLEMENTATIONS = YES;
				CLANG_WARN_DIRECT_OBJC_ISA_USAGE = YES_ERROR;
				CLANG_WARN_DOCUMENTATION_COMMENTS = YES;
				CLANG_WARN_EMPTY_BODY = YES;
				CLANG_WARN_ENUM_CONVERSION = YES;
				CLANG_WARN_INFINITE_RECURSION = YES;
				CLANG_WARN_INT_CONVERSION = YES;
				CLANG_WARN_NON_LITERAL_NULL_CONVERSION = YES;
				CLANG_WARN_OBJC_IMPLICIT_RETAIN_SELF = YES;
				CLANG_WARN_OBJC_LITERAL_CONVERSION = YES;
				CLANG_WARN_OBJC_ROOT_CLASS = YES_ERROR;
				CLANG_WARN_QUOTED_INCLUDE_IN_FRAMEWORK_HEADER = YES;
				CLANG_WARN_RANGE_LOOP_ANALYSIS = YES;
				CLANG_WARN_STRICT_PROTOTYPES = YES;
				CLANG_WARN_SUSPICIOUS_MOVE = YES;
				CLANG_WARN_UNGUARDED_AVAILABILITY = YES_AGGRESSIVE;
				CLANG_WARN_UNREACHABLE_CODE = YES;
				CLANG_WARN__DUPLICATE_METHOD_MATCH = YES;
				CODE_SIGN_STYLE = Automatic;
				COPY_PHASE_STRIP = NO;
				DEBUG_INFORMATION_FORMAT = dwarf;
				ENABLE_STRICT_OBJC_MSGSEND = YES;
				ENABLE_TESTABILITY = YES;
				GCC_C_LANGUAGE_STANDARD = gnu11;
				GCC_DYNAMIC_NO_PIC = NO;
				GCC_NO_COMMON_BLOCKS = YES;
				GCC_OPTIMIZATION_LEVEL = 0;
				GCC_PREPROCESSOR_DEFINITIONS = (
					"$(inherited)",
					"DEBUG=1",
				);
				GCC_WARN_64_TO_32_BIT_CONVERSION = YES;
				GCC_WARN_ABOUT_RETURN_TYPE = YES_ERROR;
				GCC_WARN_UNDECLARED_SELECTOR = YES;
				GCC_WARN_UNINITIALIZED_AUTOS = YES_AGGRESSIVE;
				GCC_WARN_UNUSED_FUNCTION = YES;
				GCC_WARN_UNUSED_VARIABLE = YES;
				IPHONEOS_DEPLOYMENT_TARGET = 17.0;
				MTL_ENABLE_DEBUG_INFO = INCLUDE_SOURCE;
				MTL_FAST_MATH = YES;
				ONLY_ACTIVE_ARCH = YES;
				PRODUCT_NAME = "$(TARGET_NAME)";
				SDKROOT = iphoneos;
				SWIFT_ACTIVE_COMPILATION_CONDITIONS = DEBUG;
				SWIFT_OPTIMIZATION_LEVEL = "-Onone";
				SWIFT_VERSION = 5.0;
			};
			name = Debug;
		};
/* End XCBuildConfiguration section */

/* Begin XCConfigurationList section */
		9D13921B48CF3F9AB51ECACB /* Build configuration list for PBXProject "SplitwiseApp" */ = {
			isa = XCConfigurationList;
			buildConfigurations = (
				BB25E7799D18F2281E235E86 /* Debug */,
				A8C29F8FB2783F1C6C367E42 /* Release */,
			);
			defaultConfigurationIsVisible = 0;
			defaultConfigurationName = Debug;
		};
		CD97F480178583B221C52011 /* Build configuration list for PBXNativeTarget "SplitwiseApp" */ = {
			isa = XCConfigurationList;
			buildConfigurations = (
				947AC13A2715174FDD1D967D /* Debug */,
				7561981EC926CF7495CE20CD /* Release */,
			);
			defaultConfigurationIsVisible = 0;
			defaultConfigurationName = Debug;
		};
/* End XCConfigurationList section */
	};
	rootObject = 7CDF7093C1379716A9B2D767 /* Project object */;
}
