// !$*UTF8*$!
{
	archiveVersion = 1;
	classes = {
	};
	objectVersion = 56;
	objects = {

/* Begin PBXBuildFile section */
		05DC663C04DD4DF4B7E97523 /* SplitwiseApp/Views/Groups/SimplifyDebtsView.swift in Sources */ = {isa = PBXBuildFile; fileRef = 1887F7E8BE724089872B5DF5 /* SplitwiseApp/Views/Groups/SimplifyDebtsView.swift */; };
		0D055E2C874747C69C49F363 /* SplitwiseApp/Views/Friends/FriendsListView.swift in Sources */ = {isa = PBXBuildFile; fileRef = 0697F3FFFE534EF7AB798A18 /* SplitwiseApp/Views/Friends/FriendsListView.swift */; };
		112CD9DA4E2B4F7BA8E75267 /* SplitwiseApp/Views/Components/CurrencyPicker.swift in Sources */ = {isa = PBXBuildFile; fileRef = 96D85D74464D40ACA10B104D /* SplitwiseApp/Views/Components/CurrencyPicker.swift */; };
		13B47E2A11EB48E784706402 /* SplitwiseApp/Models/Group.swift in Sources */ = {isa = PBXBuildFile; fileRef = CF78C5817C0D4A4BABAC946C /* SplitwiseApp/Models/Group.swift */; };
		27FC8317F08B46549A22DA14 /* SplitwiseApp/Models/ActivityLog.swift in Sources */ = {isa = PBXBuildFile; fileRef = 91DFCDC7F9E044B28AAFE643 /* SplitwiseApp/Models/ActivityLog.swift */; };
		2D62000E1B4D425EBC2B487D /* SplitwiseApp/Views/Account/SplitwiseProView.swift in Sources */ = {isa = PBXBuildFile; fileRef = 05E3B4D73424427F8D009265 /* SplitwiseApp/Views/Account/SplitwiseProView.swift */; };
		32032A71019749B49E4AD138 /* SplitwiseApp/Models/Settlement.swift in Sources */ = {isa = PBXBuildFile; fileRef = 377D20916BF14168A4684D5D /* SplitwiseApp/Models/Settlement.swift */; };
		34215AB8B9C0448995C4DB5C /* SplitwiseApp/Views/Account/AccountView.swift in Sources */ = {isa = PBXBuildFile; fileRef = 4727151BDB214E1686C988CA /* SplitwiseApp/Views/Account/AccountView.swift */; };
		3D9B904FD68B4664A98836B1 /* SplitwiseApp/Views/Friends/FriendDetailView.swift in Sources */ = {isa = PBXBuildFile; fileRef = 33C9D0647EE344C3A626E906 /* SplitwiseApp/Views/Friends/FriendDetailView.swift */; };
		49E83AA35D104268925E7787 /* SplitwiseApp/Models/User.swift in Sources */ = {isa = PBXBuildFile; fileRef = 8644421225114B3F946D119D /* SplitwiseApp/Models/User.swift */; };
		4ABC7FBDF54E4F2A80840711 /* SplitwiseApp/Utilities/ColorTheme.swift in Sources */ = {isa = PBXBuildFile; fileRef = D303B629F93B45599C5FABFD /* SplitwiseApp/Utilities/ColorTheme.swift */; };
		4C6EF46050F64CBFBCEF88CD /* SplitwiseApp/Views/Launch/LaunchScreenView.swift in Sources */ = {isa = PBXBuildFile; fileRef = 149432DFFE554E22BFADBC2B /* SplitwiseApp/Views/Launch/LaunchScreenView.swift */; };
		50CCBBE85E524761B3ECB6D9 /* SplitwiseApp/App/AppState.swift in Sources */ = {isa = PBXBuildFile; fileRef = CB1537C1D79F47519FE23761 /* SplitwiseApp/App/AppState.swift */; };
		57BB10A057444BB6A70AEDDC /* SplitwiseApp/Resources/Localizable.xcstrings in Resources */ = {isa = PBXBuildFile; fileRef = DBE8E7C7676A41AD976FCD7F /* SplitwiseApp/Resources/Localizable.xcstrings */; };
		5AC25D6270E0481A9153B61F /* SplitwiseApp/Services/DebtSimplifier.swift in Sources */ = {isa = PBXBuildFile; fileRef = C23B5F9C5E48441A9DFB9B92 /* SplitwiseApp/Services/DebtSimplifier.swift */; };
		6184D24FAB35462681CD557E /* SplitwiseApp/Views/Groups/GroupDetailView.swift in Sources */ = {isa = PBXBuildFile; fileRef = 3DAC96326A5346FD82857771 /* SplitwiseApp/Views/Groups/GroupDetailView.swift */; };
		62F990FB9EB94FF68054754B /* SplitwiseApp/Views/Groups/GroupListView.swift in Sources */ = {isa = PBXBuildFile; fileRef = 48DC0BA4024B4AF58D42A6F3 /* SplitwiseApp/Views/Groups/GroupListView.swift */; };
		6387B25862B543388A0D40E8 /* SplitwiseApp/Utilities/CurrencyFormatter.swift in Sources */ = {isa = PBXBuildFile; fileRef = 03C8220CCCB74633B2AE2D54 /* SplitwiseApp/Utilities/CurrencyFormatter.swift */; };
		638CDBAD7BD5485EBB8E878C /* SplitwiseApp/Resources/Assets.xcassets/AppIcon.appiconset/AppIcon-1024.jpg in Resources */ = {isa = PBXBuildFile; fileRef = 6BAAC882F3D64B0AA4BBC659 /* SplitwiseApp/Resources/Assets.xcassets/AppIcon.appiconset/AppIcon-1024.jpg */; };
		644D2CBCA975462E85C6A70A /* SplitwiseApp/Models/ProSubscriptionManager.swift in Sources */ = {isa = PBXBuildFile; fileRef = 02AC2A7A34F144DD9DCE4FF1 /* SplitwiseApp/Models/ProSubscriptionManager.swift */; };
		6D8E938BA76A460D8D3979A9 /* SplitwiseApp/Models/Expense.swift in Sources */ = {isa = PBXBuildFile; fileRef = BCC2831FCA424BA89C306A80 /* SplitwiseApp/Models/Expense.swift */; };
		70A5A16157D846799635A991 /* SplitwiseApp/Views/Groups/CreateGroupView.swift in Sources */ = {isa = PBXBuildFile; fileRef = 0E3ECEFFF3C8487CA9BAC4A6 /* SplitwiseApp/Views/Groups/CreateGroupView.swift */; };
		716BD89015C340DEAE476507 /* SplitwiseApp/Resources/Assets.xcassets/AppIcon.appiconset/Contents.json in Resources */ = {isa = PBXBuildFile; fileRef = 2EBA8A62813D49EC896F40C8 /* SplitwiseApp/Resources/Assets.xcassets/AppIcon.appiconset/Contents.json */; };
		75E7CF85F3684C57BA5E7A1F /* SplitwiseApp/Views/Expense/ReceiptPickerView.swift in Sources */ = {isa = PBXBuildFile; fileRef = 5BFEA39B24EF48F1A7FB492D /* SplitwiseApp/Views/Expense/ReceiptPickerView.swift */; };
		7A8B6701CBB34EE7B758AFE3 /* SplitwiseApp/Views/Onboarding/OnboardingView.swift in Sources */ = {isa = PBXBuildFile; fileRef = A459C18553D745079F1AD146 /* SplitwiseApp/Views/Onboarding/OnboardingView.swift */; };
		86A076FD787143C18FCA92BC /* SplitwiseApp/Views/Analytics/ChartsView.swift in Sources */ = {isa = PBXBuildFile; fileRef = 1EECCC024820454E8D408E12 /* SplitwiseApp/Views/Analytics/ChartsView.swift */; };
		8E8B205982054A7190830CDA /* SplitwiseApp/Services/ReceiptScannerService.swift in Sources */ = {isa = PBXBuildFile; fileRef = 5E931748E37042928DC4DAE8 /* SplitwiseApp/Services/ReceiptScannerService.swift */; };
		963DD6023BC24820B2062F0E /* SplitwiseApp/Views/Settlement/SettleUpView.swift in Sources */ = {isa = PBXBuildFile; fileRef = D27188D21994476BB74577AA /* SplitwiseApp/Views/Settlement/SettleUpView.swift */; };
		988698FCC087466BA6E5689C /* SplitwiseApp/Views/MainView.swift in Sources */ = {isa = PBXBuildFile; fileRef = 23415157EC0B4476A053BD36 /* SplitwiseApp/Views/MainView.swift */; };
		989301C88F1347DB996DACC3 /* SplitwiseApp/Views/Expense/AddExpenseView.swift in Sources */ = {isa = PBXBuildFile; fileRef = A183A7E2A12041F889C6CC1C /* SplitwiseApp/Views/Expense/AddExpenseView.swift */; };
		A7EB17A6028C4AD59B8D3EB5 /* SplitwiseApp/App/SplitwiseApp.swift in Sources */ = {isa = PBXBuildFile; fileRef = 46B5C362FED644E0B438D43B /* SplitwiseApp/App/SplitwiseApp.swift */; };
		AE4EA5DA66844CB7B6365970 /* SplitwiseApp/Views/Components/BalanceBadge.swift in Sources */ = {isa = PBXBuildFile; fileRef = CD82D92414AE4B8DB749440E /* SplitwiseApp/Views/Components/BalanceBadge.swift */; };
		AF1E92A0BC0347A3B09E3CBF /* SplitwiseApp/Views/Friends/AddFriendView.swift in Sources */ = {isa = PBXBuildFile; fileRef = 8F14A4E2FF7D49358F2EDA06 /* SplitwiseApp/Views/Friends/AddFriendView.swift */; };
		AF5DF9514B4A403AAA7BAE33 /* SplitwiseApp/Services/SampleData.swift in Sources */ = {isa = PBXBuildFile; fileRef = C89200A0C9754E39AC24C940 /* SplitwiseApp/Services/SampleData.swift */; };
		CBCC9EB7415446C9A0A30C7E /* SplitwiseApp/Views/Expense/ExpenseDetailView.swift in Sources */ = {isa = PBXBuildFile; fileRef = A2B743CAE8424F0E8F56D4D8 /* SplitwiseApp/Views/Expense/ExpenseDetailView.swift */; };
		E79DF66163BD41F2837A2B0F /* SplitwiseApp/Models/ExpenseSplit.swift in Sources */ = {isa = PBXBuildFile; fileRef = 84F0E7DF182541B9B5275141 /* SplitwiseApp/Models/ExpenseSplit.swift */; };
		EB3D48ED765C42AEBBE2B798 /* SplitwiseApp/Resources/StoreKit.storekit in Resources */ = {isa = PBXBuildFile; fileRef = 86D3D354B0F9405DBA91949A /* SplitwiseApp/Resources/StoreKit.storekit */; };
		EFDC5EA244564FB9AFBB34A4 /* SplitwiseApp/Views/Components/CategoryIconView.swift in Sources */ = {isa = PBXBuildFile; fileRef = 720538D91FB746F18A5B011F /* SplitwiseApp/Views/Components/CategoryIconView.swift */; };
		F967F5E3E55844949F83F686 /* SplitwiseApp/Views/Analytics/ExportReportView.swift in Sources */ = {isa = PBXBuildFile; fileRef = EA50D14AD5E4437FB54A7BED /* SplitwiseApp/Views/Analytics/ExportReportView.swift */; };
		FA5FE9BBF1C546BFBBC0B610 /* SplitwiseApp/Views/Groups/GroupSettingsView.swift in Sources */ = {isa = PBXBuildFile; fileRef = 0A307BA948B2439F9382E37C /* SplitwiseApp/Views/Groups/GroupSettingsView.swift */; };
		FA84014F33314A698BF652EF /* SplitwiseApp/Services/ExportManager.swift in Sources */ = {isa = PBXBuildFile; fileRef = 984DBBA048C04586AD64BD1F /* SplitwiseApp/Services/ExportManager.swift */; };
		FE48AD3211D4483F8FE236A2 /* SplitwiseApp/Views/Activity/ActivityFeedView.swift in Sources */ = {isa = PBXBuildFile; fileRef = 38ADAEE2A0864085A398F8F5 /* SplitwiseApp/Views/Activity/ActivityFeedView.swift */; };
		FE97D40333C34F5497DE7520 /* SplitwiseApp/Views/Expense/SplitOptionsView.swift in Sources */ = {isa = PBXBuildFile; fileRef = 9F99E70BEA5841E28735A250 /* SplitwiseApp/Views/Expense/SplitOptionsView.swift */; };
/* End PBXBuildFile section */

/* Begin PBXFileReference section */
		02AC2A7A34F144DD9DCE4FF1 /* SplitwiseApp/Models/ProSubscriptionManager.swift */ = {isa = PBXFileReference; lastKnownFileType = sourcecode.swift; path = SplitwiseApp/Models/ProSubscriptionManager.swift; sourceTree = SOURCE_ROOT; };
		03C8220CCCB74633B2AE2D54 /* SplitwiseApp/Utilities/CurrencyFormatter.swift */ = {isa = PBXFileReference; lastKnownFileType = sourcecode.swift; path = SplitwiseApp/Utilities/CurrencyFormatter.swift; sourceTree = SOURCE_ROOT; };
		05E3B4D73424427F8D009265 /* SplitwiseApp/Views/Account/SplitwiseProView.swift */ = {isa = PBXFileReference; lastKnownFileType = sourcecode.swift; path = SplitwiseApp/Views/Account/SplitwiseProView.swift; sourceTree = SOURCE_ROOT; };
		0697F3FFFE534EF7AB798A18 /* SplitwiseApp/Views/Friends/FriendsListView.swift */ = {isa = PBXFileReference; lastKnownFileType = sourcecode.swift; path = SplitwiseApp/Views/Friends/FriendsListView.swift; sourceTree = SOURCE_ROOT; };
		0A307BA948B2439F9382E37C /* SplitwiseApp/Views/Groups/GroupSettingsView.swift */ = {isa = PBXFileReference; lastKnownFileType = sourcecode.swift; path = SplitwiseApp/Views/Groups/GroupSettingsView.swift; sourceTree = SOURCE_ROOT; };
		0E3ECEFFF3C8487CA9BAC4A6 /* SplitwiseApp/Views/Groups/CreateGroupView.swift */ = {isa = PBXFileReference; lastKnownFileType = sourcecode.swift; path = SplitwiseApp/Views/Groups/CreateGroupView.swift; sourceTree = SOURCE_ROOT; };
		149432DFFE554E22BFADBC2B /* SplitwiseApp/Views/Launch/LaunchScreenView.swift */ = {isa = PBXFileReference; lastKnownFileType = sourcecode.swift; path = SplitwiseApp/Views/Launch/LaunchScreenView.swift; sourceTree = SOURCE_ROOT; };
		1887F7E8BE724089872B5DF5 /* SplitwiseApp/Views/Groups/SimplifyDebtsView.swift */ = {isa = PBXFileReference; lastKnownFileType = sourcecode.swift; path = SplitwiseApp/Views/Groups/SimplifyDebtsView.swift; sourceTree = SOURCE_ROOT; };
		1EECCC024820454E8D408E12 /* SplitwiseApp/Views/Analytics/ChartsView.swift */ = {isa = PBXFileReference; lastKnownFileType = sourcecode.swift; path = SplitwiseApp/Views/Analytics/ChartsView.swift; sourceTree = SOURCE_ROOT; };
		23415157EC0B4476A053BD36 /* SplitwiseApp/Views/MainView.swift */ = {isa = PBXFileReference; lastKnownFileType = sourcecode.swift; path = SplitwiseApp/Views/MainView.swift; sourceTree = SOURCE_ROOT; };
		2EBA8A62813D49EC896F40C8 /* SplitwiseApp/Resources/Assets.xcassets/AppIcon.appiconset/Contents.json */ = {isa = PBXFileReference; lastKnownFileType = text.json; path = SplitwiseApp/Resources/Assets.xcassets/AppIcon.appiconset/Contents.json; sourceTree = SOURCE_ROOT; };
		33C9D0647EE344C3A626E906 /* SplitwiseApp/Views/Friends/FriendDetailView.swift */ = {isa = PBXFileReference; lastKnownFileType = sourcecode.swift; path = SplitwiseApp/Views/Friends/FriendDetailView.swift; sourceTree = SOURCE_ROOT; };
		377D20916BF14168A4684D5D /* SplitwiseApp/Models/Settlement.swift */ = {isa = PBXFileReference; lastKnownFileType = sourcecode.swift; path = SplitwiseApp/Models/Settlement.swift; sourceTree = SOURCE_ROOT; };
		38ADAEE2A0864085A398F8F5 /* SplitwiseApp/Views/Activity/ActivityFeedView.swift */ = {isa = PBXFileReference; lastKnownFileType = sourcecode.swift; path = SplitwiseApp/Views/Activity/ActivityFeedView.swift; sourceTree = SOURCE_ROOT; };
		3DAC96326A5346FD82857771 /* SplitwiseApp/Views/Groups/GroupDetailView.swift */ = {isa = PBXFileReference; lastKnownFileType = sourcecode.swift; path = SplitwiseApp/Views/Groups/GroupDetailView.swift; sourceTree = SOURCE_ROOT; };
		46B5C362FED644E0B438D43B /* SplitwiseApp/App/SplitwiseApp.swift */ = {isa = PBXFileReference; lastKnownFileType = sourcecode.swift; path = SplitwiseApp/App/SplitwiseApp.swift; sourceTree = SOURCE_ROOT; };
		4727151BDB214E1686C988CA /* SplitwiseApp/Views/Account/AccountView.swift */ = {isa = PBXFileReference; lastKnownFileType = sourcecode.swift; path = SplitwiseApp/Views/Account/AccountView.swift; sourceTree = SOURCE_ROOT; };
		48DC0BA4024B4AF58D42A6F3 /* SplitwiseApp/Views/Groups/GroupListView.swift */ = {isa = PBXFileReference; lastKnownFileType = sourcecode.swift; path = SplitwiseApp/Views/Groups/GroupListView.swift; sourceTree = SOURCE_ROOT; };
		5BFEA39B24EF48F1A7FB492D /* SplitwiseApp/Views/Expense/ReceiptPickerView.swift */ = {isa = PBXFileReference; lastKnownFileType = sourcecode.swift; path = SplitwiseApp/Views/Expense/ReceiptPickerView.swift; sourceTree = SOURCE_ROOT; };
		5E931748E37042928DC4DAE8 /* SplitwiseApp/Services/ReceiptScannerService.swift */ = {isa = PBXFileReference; lastKnownFileType = sourcecode.swift; path = SplitwiseApp/Services/ReceiptScannerService.swift; sourceTree = SOURCE_ROOT; };
		694B2E771B974037A376F371 /* SplitwiseApp/App/Info.plist */ = {isa = PBXFileReference; lastKnownFileType = text.plist.xml; path = SplitwiseApp/App/Info.plist; sourceTree = SOURCE_ROOT; };
		6BAAC882F3D64B0AA4BBC659 /* SplitwiseApp/Resources/Assets.xcassets/AppIcon.appiconset/AppIcon-1024.jpg */ = {isa = PBXFileReference; lastKnownFileType = image.jpeg; path = "SplitwiseApp/Resources/Assets.xcassets/AppIcon.appiconset/AppIcon-1024.jpg"; sourceTree = SOURCE_ROOT; };
		720538D91FB746F18A5B011F /* SplitwiseApp/Views/Components/CategoryIconView.swift */ = {isa = PBXFileReference; lastKnownFileType = sourcecode.swift; path = SplitwiseApp/Views/Components/CategoryIconView.swift; sourceTree = SOURCE_ROOT; };
		84F0E7DF182541B9B5275141 /* SplitwiseApp/Models/ExpenseSplit.swift */ = {isa = PBXFileReference; lastKnownFileType = sourcecode.swift; path = SplitwiseApp/Models/ExpenseSplit.swift; sourceTree = SOURCE_ROOT; };
		8644421225114B3F946D119D /* SplitwiseApp/Models/User.swift */ = {isa = PBXFileReference; lastKnownFileType = sourcecode.swift; path = SplitwiseApp/Models/User.swift; sourceTree = SOURCE_ROOT; };
		86D3D354B0F9405DBA91949A /* SplitwiseApp/Resources/StoreKit.storekit */ = {isa = PBXFileReference; lastKnownFileType = text; path = SplitwiseApp/Resources/StoreKit.storekit; sourceTree = SOURCE_ROOT; };
		8F14A4E2FF7D49358F2EDA06 /* SplitwiseApp/Views/Friends/AddFriendView.swift */ = {isa = PBXFileReference; lastKnownFileType = sourcecode.swift; path = SplitwiseApp/Views/Friends/AddFriendView.swift; sourceTree = SOURCE_ROOT; };
		91DFCDC7F9E044B28AAFE643 /* SplitwiseApp/Models/ActivityLog.swift */ = {isa = PBXFileReference; lastKnownFileType = sourcecode.swift; path = SplitwiseApp/Models/ActivityLog.swift; sourceTree = SOURCE_ROOT; };
		96D85D74464D40ACA10B104D /* SplitwiseApp/Views/Components/CurrencyPicker.swift */ = {isa = PBXFileReference; lastKnownFileType = sourcecode.swift; path = SplitwiseApp/Views/Components/CurrencyPicker.swift; sourceTree = SOURCE_ROOT; };
		984DBBA048C04586AD64BD1F /* SplitwiseApp/Services/ExportManager.swift */ = {isa = PBXFileReference; lastKnownFileType = sourcecode.swift; path = SplitwiseApp/Services/ExportManager.swift; sourceTree = SOURCE_ROOT; };
		9F99E70BEA5841E28735A250 /* SplitwiseApp/Views/Expense/SplitOptionsView.swift */ = {isa = PBXFileReference; lastKnownFileType = sourcecode.swift; path = SplitwiseApp/Views/Expense/SplitOptionsView.swift; sourceTree = SOURCE_ROOT; };
		A183A7E2A12041F889C6CC1C /* SplitwiseApp/Views/Expense/AddExpenseView.swift */ = {isa = PBXFileReference; lastKnownFileType = sourcecode.swift; path = SplitwiseApp/Views/Expense/AddExpenseView.swift; sourceTree = SOURCE_ROOT; };
		A2B743CAE8424F0E8F56D4D8 /* SplitwiseApp/Views/Expense/ExpenseDetailView.swift */ = {isa = PBXFileReference; lastKnownFileType = sourcecode.swift; path = SplitwiseApp/Views/Expense/ExpenseDetailView.swift; sourceTree = SOURCE_ROOT; };
		A459C18553D745079F1AD146 /* SplitwiseApp/Views/Onboarding/OnboardingView.swift */ = {isa = PBXFileReference; lastKnownFileType = sourcecode.swift; path = SplitwiseApp/Views/Onboarding/OnboardingView.swift; sourceTree = SOURCE_ROOT; };
		BCC2831FCA424BA89C306A80 /* SplitwiseApp/Models/Expense.swift */ = {isa = PBXFileReference; lastKnownFileType = sourcecode.swift; path = SplitwiseApp/Models/Expense.swift; sourceTree = SOURCE_ROOT; };
		C23B5F9C5E48441A9DFB9B92 /* SplitwiseApp/Services/DebtSimplifier.swift */ = {isa = PBXFileReference; lastKnownFileType = sourcecode.swift; path = SplitwiseApp/Services/DebtSimplifier.swift; sourceTree = SOURCE_ROOT; };
		C89200A0C9754E39AC24C940 /* SplitwiseApp/Services/SampleData.swift */ = {isa = PBXFileReference; lastKnownFileType = sourcecode.swift; path = SplitwiseApp/Services/SampleData.swift; sourceTree = SOURCE_ROOT; };
		CB1537C1D79F47519FE23761 /* SplitwiseApp/App/AppState.swift */ = {isa = PBXFileReference; lastKnownFileType = sourcecode.swift; path = SplitwiseApp/App/AppState.swift; sourceTree = SOURCE_ROOT; };
		CD82D92414AE4B8DB749440E /* SplitwiseApp/Views/Components/BalanceBadge.swift */ = {isa = PBXFileReference; lastKnownFileType = sourcecode.swift; path = SplitwiseApp/Views/Components/BalanceBadge.swift; sourceTree = SOURCE_ROOT; };
		CF78C5817C0D4A4BABAC946C /* SplitwiseApp/Models/Group.swift */ = {isa = PBXFileReference; lastKnownFileType = sourcecode.swift; path = SplitwiseApp/Models/Group.swift; sourceTree = SOURCE_ROOT; };
		D27188D21994476BB74577AA /* SplitwiseApp/Views/Settlement/SettleUpView.swift */ = {isa = PBXFileReference; lastKnownFileType = sourcecode.swift; path = SplitwiseApp/Views/Settlement/SettleUpView.swift; sourceTree = SOURCE_ROOT; };
		D303B629F93B45599C5FABFD /* SplitwiseApp/Utilities/ColorTheme.swift */ = {isa = PBXFileReference; lastKnownFileType = sourcecode.swift; path = SplitwiseApp/Utilities/ColorTheme.swift; sourceTree = SOURCE_ROOT; };
		DBE8E7C7676A41AD976FCD7F /* SplitwiseApp/Resources/Localizable.xcstrings */ = {isa = PBXFileReference; lastKnownFileType = text.json.xcstrings; path = SplitwiseApp/Resources/Localizable.xcstrings; sourceTree = SOURCE_ROOT; };
		EA50D14AD5E4437FB54A7BED /* SplitwiseApp/Views/Analytics/ExportReportView.swift */ = {isa = PBXFileReference; lastKnownFileType = sourcecode.swift; path = SplitwiseApp/Views/Analytics/ExportReportView.swift; sourceTree = SOURCE_ROOT; };
/* End PBXFileReference section */

/* Begin PBXFrameworksBuildPhase section */
		70B4846A556A48CD93C75F57 /* Frameworks */ = {
			isa = PBXFrameworksBuildPhase;
			buildActionMask = 2147483647;
			files = (
			);
			runOnlyForDeploymentPostprocessing = 0;
		};
/* End PBXFrameworksBuildPhase section */

/* Begin PBXGroup section */
		0052E337F27D4726B3BD5E1D /* Services */ = {
			isa = PBXGroup;
			children = (
				C23B5F9C5E48441A9DFB9B92 /* SplitwiseApp/Services/DebtSimplifier.swift */,
				984DBBA048C04586AD64BD1F /* SplitwiseApp/Services/ExportManager.swift */,
				5E931748E37042928DC4DAE8 /* SplitwiseApp/Services/ReceiptScannerService.swift */,
				C89200A0C9754E39AC24C940 /* SplitwiseApp/Services/SampleData.swift */,
			);
			name = Services;
			sourceTree = "<group>";
		};
		07593D7825654AD4A162A4CD /* Onboarding */ = {
			isa = PBXGroup;
			children = (
				A459C18553D745079F1AD146 /* SplitwiseApp/Views/Onboarding/OnboardingView.swift */,
			);
			name = Onboarding;
			sourceTree = "<group>";
		};
		136E19477A844A21BDD67B7B /* Friends */ = {
			isa = PBXGroup;
			children = (
				8F14A4E2FF7D49358F2EDA06 /* SplitwiseApp/Views/Friends/AddFriendView.swift */,
				0697F3FFFE534EF7AB798A18 /* SplitwiseApp/Views/Friends/FriendsListView.swift */,
				33C9D0647EE344C3A626E906 /* SplitwiseApp/Views/Friends/FriendDetailView.swift */,
			);
			name = Friends;
			sourceTree = "<group>";
		};
		18F316DC32EC4C65ACD7BDE3 /* Utilities */ = {
			isa = PBXGroup;
			children = (
				03C8220CCCB74633B2AE2D54 /* SplitwiseApp/Utilities/CurrencyFormatter.swift */,
				D303B629F93B45599C5FABFD /* SplitwiseApp/Utilities/ColorTheme.swift */,
			);
			name = Utilities;
			sourceTree = "<group>";
		};
		2BB438F81F964F39819CBFE3 /* Analytics */ = {
			isa = PBXGroup;
			children = (
				EA50D14AD5E4437FB54A7BED /* SplitwiseApp/Views/Analytics/ExportReportView.swift */,
				1EECCC024820454E8D408E12 /* SplitwiseApp/Views/Analytics/ChartsView.swift */,
			);
			name = Analytics;
			sourceTree = "<group>";
		};
		2EB82E7C42884DBB8639D0A7 /* Settlement */ = {
			isa = PBXGroup;
			children = (
				D27188D21994476BB74577AA /* SplitwiseApp/Views/Settlement/SettleUpView.swift */,
			);
			name = Settlement;
			sourceTree = "<group>";
		};
		30DB9AD24EB644D3A2E70EA8 /* Assets.xcassets */ = {
			isa = PBXGroup;
			children = (
				A661CA9706234467B5CAE91F /* AppIcon.appiconset */,
			);
			name = Assets.xcassets;
			sourceTree = "<group>";
		};
		4164E60F85A14AA5AE73B872 /* Launch */ = {
			isa = PBXGroup;
			children = (
				149432DFFE554E22BFADBC2B /* SplitwiseApp/Views/Launch/LaunchScreenView.swift */,
			);
			name = Launch;
			sourceTree = "<group>";
		};
		53687CD0287D4786B2851F67 /* Activity */ = {
			isa = PBXGroup;
			children = (
				38ADAEE2A0864085A398F8F5 /* SplitwiseApp/Views/Activity/ActivityFeedView.swift */,
			);
			name = Activity;
			sourceTree = "<group>";
		};
		59F83A3928144ECE88A714B4 /* Models */ = {
			isa = PBXGroup;
			children = (
				8644421225114B3F946D119D /* SplitwiseApp/Models/User.swift */,
				02AC2A7A34F144DD9DCE4FF1 /* SplitwiseApp/Models/ProSubscriptionManager.swift */,
				84F0E7DF182541B9B5275141 /* SplitwiseApp/Models/ExpenseSplit.swift */,
				CF78C5817C0D4A4BABAC946C /* SplitwiseApp/Models/Group.swift */,
				91DFCDC7F9E044B28AAFE643 /* SplitwiseApp/Models/ActivityLog.swift */,
				377D20916BF14168A4684D5D /* SplitwiseApp/Models/Settlement.swift */,
				BCC2831FCA424BA89C306A80 /* SplitwiseApp/Models/Expense.swift */,
			);
			name = Models;
			sourceTree = "<group>";
		};
		74602CEBD86040449A9085EA /* Views */ = {
			isa = PBXGroup;
			children = (
				23415157EC0B4476A053BD36 /* SplitwiseApp/Views/MainView.swift */,
				AA15630D2322468CB88A84A3 /* Expense */,
				2EB82E7C42884DBB8639D0A7 /* Settlement */,
				53687CD0287D4786B2851F67 /* Activity */,
				4164E60F85A14AA5AE73B872 /* Launch */,
				829F8535F8744593A38CD20F /* Groups */,
				815B92B0AA734F888117A19E /* Components */,
				136E19477A844A21BDD67B7B /* Friends */,
				8DDA4E0FF1E7487DAE5F075C /* Account */,
				07593D7825654AD4A162A4CD /* Onboarding */,
				2BB438F81F964F39819CBFE3 /* Analytics */,
			);
			name = Views;
			sourceTree = "<group>";
		};
		815B92B0AA734F888117A19E /* Components */ = {
			isa = PBXGroup;
			children = (
				96D85D74464D40ACA10B104D /* SplitwiseApp/Views/Components/CurrencyPicker.swift */,
				720538D91FB746F18A5B011F /* SplitwiseApp/Views/Components/CategoryIconView.swift */,
				CD82D92414AE4B8DB749440E /* SplitwiseApp/Views/Components/BalanceBadge.swift */,
			);
			name = Components;
			sourceTree = "<group>";
		};
		829F8535F8744593A38CD20F /* Groups */ = {
			isa = PBXGroup;
			children = (
				48DC0BA4024B4AF58D42A6F3 /* SplitwiseApp/Views/Groups/GroupListView.swift */,
				3DAC96326A5346FD82857771 /* SplitwiseApp/Views/Groups/GroupDetailView.swift */,
				1887F7E8BE724089872B5DF5 /* SplitwiseApp/Views/Groups/SimplifyDebtsView.swift */,
				0E3ECEFFF3C8487CA9BAC4A6 /* SplitwiseApp/Views/Groups/CreateGroupView.swift */,
				0A307BA948B2439F9382E37C /* SplitwiseApp/Views/Groups/GroupSettingsView.swift */,
			);
			name = Groups;
			sourceTree = "<group>";
		};
		8DDA4E0FF1E7487DAE5F075C /* Account */ = {
			isa = PBXGroup;
			children = (
				4727151BDB214E1686C988CA /* SplitwiseApp/Views/Account/AccountView.swift */,
				05E3B4D73424427F8D009265 /* SplitwiseApp/Views/Account/SplitwiseProView.swift */,
			);
			name = Account;
			sourceTree = "<group>";
		};
		A661CA9706234467B5CAE91F /* AppIcon.appiconset */ = {
			isa = PBXGroup;
			children = (
				6BAAC882F3D64B0AA4BBC659 /* SplitwiseApp/Resources/Assets.xcassets/AppIcon.appiconset/AppIcon-1024.jpg */,
				2EBA8A62813D49EC896F40C8 /* SplitwiseApp/Resources/Assets.xcassets/AppIcon.appiconset/Contents.json */,
			);
			name = AppIcon.appiconset;
			sourceTree = "<group>";
		};
		AA15630D2322468CB88A84A3 /* Expense */ = {
			isa = PBXGroup;
			children = (
				9F99E70BEA5841E28735A250 /* SplitwiseApp/Views/Expense/SplitOptionsView.swift */,
				5BFEA39B24EF48F1A7FB492D /* SplitwiseApp/Views/Expense/ReceiptPickerView.swift */,
				A2B743CAE8424F0E8F56D4D8 /* SplitwiseApp/Views/Expense/ExpenseDetailView.swift */,
				A183A7E2A12041F889C6CC1C /* SplitwiseApp/Views/Expense/AddExpenseView.swift */,
			);
			name = Expense;
			sourceTree = "<group>";
		};
		B92242B13AD34CDFA55D0689 = {
			isa = PBXGroup;
			children = (
				E6EF9EAE954547AB809C2079 /* SplitwiseApp */,
			);
			sourceTree = "<group>";
		};
		CD1E9EA962214605AD75AA30 /* App */ = {
			isa = PBXGroup;
			children = (
				CB1537C1D79F47519FE23761 /* SplitwiseApp/App/AppState.swift */,
				46B5C362FED644E0B438D43B /* SplitwiseApp/App/SplitwiseApp.swift */,
				694B2E771B974037A376F371 /* SplitwiseApp/App/Info.plist */,
			);
			name = App;
			sourceTree = "<group>";
		};
		E6EF9EAE954547AB809C2079 /* SplitwiseApp */ = {
			isa = PBXGroup;
			children = (
				CD1E9EA962214605AD75AA30 /* App */,
				59F83A3928144ECE88A714B4 /* Models */,
				18F316DC32EC4C65ACD7BDE3 /* Utilities */,
				74602CEBD86040449A9085EA /* Views */,
				0052E337F27D4726B3BD5E1D /* Services */,
				ED85AEAF91784999A028ACE8 /* Resources */,
			);
			name = SplitwiseApp;
			sourceTree = "<group>";
		};
		ED85AEAF91784999A028ACE8 /* Resources */ = {
			isa = PBXGroup;
			children = (
				DBE8E7C7676A41AD976FCD7F /* SplitwiseApp/Resources/Localizable.xcstrings */,
				86D3D354B0F9405DBA91949A /* SplitwiseApp/Resources/StoreKit.storekit */,
				30DB9AD24EB644D3A2E70EA8 /* Assets.xcassets */,
			);
			name = Resources;
			sourceTree = "<group>";
		};
/* End PBXGroup section */

/* Begin PBXNativeTarget section */
		2B85AF7A286F4D3E8F605E27 /* SplitwiseApp */ = {
			isa = PBXNativeTarget;
			buildConfigurationList = 839B3C7566884099B9BF82AC /* Build configuration list for PBXNativeTarget "SplitwiseApp" */;
			buildPhases = (
				A0D964AEE22B40B0B12DF619 /* Sources */,
				70B4846A556A48CD93C75F57 /* Frameworks */,
				AE7DFFEA5495458B8B36C258 /* Resources */,
			);
			buildRules = (
			);
			dependencies = (
			);
			name = SplitwiseApp;
			productName = SplitwiseApp;
			productType = "com.apple.product-type.application";
		};
/* End PBXNativeTarget section */

/* Begin PBXProject section */
		586E0A36716F43A1B7D9BA14 /* Project object */ = {
			isa = PBXProject;
			attributes = {
				BuildIndependentTargetsInParallel = 1;
				LastSwiftUpdateCheck = 1500;
				LastUpgradeCheck = 1500;
				TargetAttributes = {
					2B85AF7A286F4D3E8F605E27 = {
						CreatedOnToolsVersion = 15.0;
					};
				};
			};
			buildConfigurationList = 7D60BCFC79664F00A2839C0D /* Build configuration list for PBXProject "SplitwiseApp" */;
			compatibilityVersion = "Xcode 14.0";
			developmentRegion = en;
			hasScannedForEncodings = 0;
			knownRegions = (
				en,
				Base,
				"zh-Hans",
				"zh-Hant",
			);
			mainGroup = B92242B13AD34CDFA55D0689;
			productRefGroup = B92242B13AD34CDFA55D0689;
			projectDirPath = "";
			projectRoot = "";
			targets = (
				2B85AF7A286F4D3E8F605E27 /* SplitwiseApp */,
			);
		};
/* End PBXProject section */

/* Begin PBXResourcesBuildPhase section */
		AE7DFFEA5495458B8B36C258 /* Resources */ = {
			isa = PBXResourcesBuildPhase;
			buildActionMask = 2147483647;
			files = (
				57BB10A057444BB6A70AEDDC /* SplitwiseApp/Resources/Localizable.xcstrings in Resources */,
				EB3D48ED765C42AEBBE2B798 /* SplitwiseApp/Resources/StoreKit.storekit in Resources */,
				638CDBAD7BD5485EBB8E878C /* SplitwiseApp/Resources/Assets.xcassets/AppIcon.appiconset/AppIcon-1024.jpg in Resources */,
				716BD89015C340DEAE476507 /* SplitwiseApp/Resources/Assets.xcassets/AppIcon.appiconset/Contents.json in Resources */,
			);
			runOnlyForDeploymentPostprocessing = 0;
		};
/* End PBXResourcesBuildPhase section */

/* Begin PBXSourcesBuildPhase section */
		A0D964AEE22B40B0B12DF619 /* Sources */ = {
			isa = PBXSourcesBuildPhase;
			buildActionMask = 2147483647;
			files = (
				50CCBBE85E524761B3ECB6D9 /* SplitwiseApp/App/AppState.swift in Sources */,
				A7EB17A6028C4AD59B8D3EB5 /* SplitwiseApp/App/SplitwiseApp.swift in Sources */,
				49E83AA35D104268925E7787 /* SplitwiseApp/Models/User.swift in Sources */,
				644D2CBCA975462E85C6A70A /* SplitwiseApp/Models/ProSubscriptionManager.swift in Sources */,
				E79DF66163BD41F2837A2B0F /* SplitwiseApp/Models/ExpenseSplit.swift in Sources */,
				13B47E2A11EB48E784706402 /* SplitwiseApp/Models/Group.swift in Sources */,
				27FC8317F08B46549A22DA14 /* SplitwiseApp/Models/ActivityLog.swift in Sources */,
				32032A71019749B49E4AD138 /* SplitwiseApp/Models/Settlement.swift in Sources */,
				6D8E938BA76A460D8D3979A9 /* SplitwiseApp/Models/Expense.swift in Sources */,
				6387B25862B543388A0D40E8 /* SplitwiseApp/Utilities/CurrencyFormatter.swift in Sources */,
				4ABC7FBDF54E4F2A80840711 /* SplitwiseApp/Utilities/ColorTheme.swift in Sources */,
				988698FCC087466BA6E5689C /* SplitwiseApp/Views/MainView.swift in Sources */,
				FE97D40333C34F5497DE7520 /* SplitwiseApp/Views/Expense/SplitOptionsView.swift in Sources */,
				75E7CF85F3684C57BA5E7A1F /* SplitwiseApp/Views/Expense/ReceiptPickerView.swift in Sources */,
				CBCC9EB7415446C9A0A30C7E /* SplitwiseApp/Views/Expense/ExpenseDetailView.swift in Sources */,
				989301C88F1347DB996DACC3 /* SplitwiseApp/Views/Expense/AddExpenseView.swift in Sources */,
				963DD6023BC24820B2062F0E /* SplitwiseApp/Views/Settlement/SettleUpView.swift in Sources */,
				FE48AD3211D4483F8FE236A2 /* SplitwiseApp/Views/Activity/ActivityFeedView.swift in Sources */,
				4C6EF46050F64CBFBCEF88CD /* SplitwiseApp/Views/Launch/LaunchScreenView.swift in Sources */,
				62F990FB9EB94FF68054754B /* SplitwiseApp/Views/Groups/GroupListView.swift in Sources */,
				6184D24FAB35462681CD557E /* SplitwiseApp/Views/Groups/GroupDetailView.swift in Sources */,
				05DC663C04DD4DF4B7E97523 /* SplitwiseApp/Views/Groups/SimplifyDebtsView.swift in Sources */,
				70A5A16157D846799635A991 /* SplitwiseApp/Views/Groups/CreateGroupView.swift in Sources */,
				FA5FE9BBF1C546BFBBC0B610 /* SplitwiseApp/Views/Groups/GroupSettingsView.swift in Sources */,
				112CD9DA4E2B4F7BA8E75267 /* SplitwiseApp/Views/Components/CurrencyPicker.swift in Sources */,
				EFDC5EA244564FB9AFBB34A4 /* SplitwiseApp/Views/Components/CategoryIconView.swift in Sources */,
				AE4EA5DA66844CB7B6365970 /* SplitwiseApp/Views/Components/BalanceBadge.swift in Sources */,
				AF1E92A0BC0347A3B09E3CBF /* SplitwiseApp/Views/Friends/AddFriendView.swift in Sources */,
				0D055E2C874747C69C49F363 /* SplitwiseApp/Views/Friends/FriendsListView.swift in Sources */,
				3D9B904FD68B4664A98836B1 /* SplitwiseApp/Views/Friends/FriendDetailView.swift in Sources */,
				34215AB8B9C0448995C4DB5C /* SplitwiseApp/Views/Account/AccountView.swift in Sources */,
				2D62000E1B4D425EBC2B487D /* SplitwiseApp/Views/Account/SplitwiseProView.swift in Sources */,
				7A8B6701CBB34EE7B758AFE3 /* SplitwiseApp/Views/Onboarding/OnboardingView.swift in Sources */,
				F967F5E3E55844949F83F686 /* SplitwiseApp/Views/Analytics/ExportReportView.swift in Sources */,
				86A076FD787143C18FCA92BC /* SplitwiseApp/Views/Analytics/ChartsView.swift in Sources */,
				5AC25D6270E0481A9153B61F /* SplitwiseApp/Services/DebtSimplifier.swift in Sources */,
				FA84014F33314A698BF652EF /* SplitwiseApp/Services/ExportManager.swift in Sources */,
				8E8B205982054A7190830CDA /* SplitwiseApp/Services/ReceiptScannerService.swift in Sources */,
				AF5DF9514B4A403AAA7BAE33 /* SplitwiseApp/Services/SampleData.swift in Sources */,
			);
			runOnlyForDeploymentPostprocessing = 0;
		};
/* End PBXSourcesBuildPhase section */

/* Begin XCBuildConfiguration section */
		075258AE27E04615BFED5717 /* Release */ = {
			isa = XCBuildConfiguration;
			buildSettings = {
				ALWAYS_SEARCH_USER_PATHS = NO;
				CLANG_ANALYZER_NONNULL = YES;
				CLANG_CXX_LANGUAGE_STANDARD = "gnu++20";
				CLANG_ENABLE_MODULES = YES;
				CLANG_ENABLE_OBJC_ARC = YES;
				COPY_PHASE_STRIP = NO;
				DEBUG_INFORMATION_FORMAT = "dwarf-with-dsym";
				ENABLE_NS_ASSERTIONS = NO;
				ENABLE_STRICT_OBJC_MSGSEND = YES;
				GCC_C_LANGUAGE_STANDARD = gnu11;
				GCC_NO_COMMON_BLOCKS = YES;
				IPHONEOS_DEPLOYMENT_TARGET = 17.0;
				MTL_FAST_MATH = YES;
				SDKROOT = iphoneos;
				SWIFT_COMPILATION_MODE = wholemodule;
				SWIFT_OPTIMIZATION_LEVEL = "-O";
				SWIFT_VERSION = 5.0;
				VALIDATE_PRODUCT = YES;
			};
			name = Release;
		};
		09C5379537C44DF7BF25C11E /* Debug */ = {
			isa = XCBuildConfiguration;
			buildSettings = {
				ALWAYS_SEARCH_USER_PATHS = NO;
				CLANG_ANALYZER_NONNULL = YES;
				CLANG_CXX_LANGUAGE_STANDARD = "gnu++20";
				CLANG_ENABLE_MODULES = YES;
				CLANG_ENABLE_OBJC_ARC = YES;
				COPY_PHASE_STRIP = NO;
				DEBUG_INFORMATION_FORMAT = dwarf;
				ENABLE_STRICT_OBJC_MSGSEND = YES;
				ENABLE_TESTABILITY = YES;
				GCC_C_LANGUAGE_STANDARD = gnu11;
				GCC_DYNAMIC_NO_PIC = NO;
				GCC_NO_COMMON_BLOCKS = YES;
				GCC_OPTIMIZATION_LEVEL = 0;
				GCC_PREPROCESSOR_DEFINITIONS = (
					"DEBUG=1",
					"$(inherited)",
				);
				IPHONEOS_DEPLOYMENT_TARGET = 17.0;
				MTL_ENABLE_DEBUG_INFO = INCLUDE_SOURCE;
				MTL_FAST_MATH = YES;
				ONLY_ACTIVE_ARCH = YES;
				SDKROOT = iphoneos;
				SWIFT_ACTIVE_COMPILATION_CONDITIONS = "DEBUG $(inherited)";
				SWIFT_OPTIMIZATION_LEVEL = "-Onone";
				SWIFT_VERSION = 5.0;
			};
			name = Debug;
		};
		0C57994E003E4AE79514A39E /* Debug */ = {
			isa = XCBuildConfiguration;
			buildSettings = {
				ASSETCATALOG_COMPILER_APPICON_NAME = AppIcon;
				CODE_SIGN_STYLE = Automatic;
				CURRENT_PROJECT_VERSION = 1;
				DEVELOPMENT_TEAM = R9TC286V25;
				GENERATE_INFOPLIST_FILE = NO;
				INFOPLIST_FILE = SplitwiseApp/App/Info.plist;
				INFOPLIST_KEY_UIApplicationSceneManifest_Generation = YES;
				INFOPLIST_KEY_UIApplicationSupportsIndirectInputEvents = YES;
				INFOPLIST_KEY_UILaunchScreen_Generation = YES;
				INFOPLIST_KEY_UISupportedInterfaceOrientations_iPad = "UIInterfaceOrientationPortrait UIInterfaceOrientationPortraitUpsideDown UIInterfaceOrientationLandscapeLeft UIInterfaceOrientationLandscapeRight";
				INFOPLIST_KEY_UISupportedInterfaceOrientations_iPhone = "UIInterfaceOrientationPortrait UIInterfaceOrientationLandscapeLeft UIInterfaceOrientationLandscapeRight";
				LD_RUNPATH_SEARCH_PATHS = (
					"$(inherited)",
					"@executable_path/Frameworks",
				);
				MARKETING_VERSION = 1.0.0;
				PRODUCT_BUNDLE_IDENTIFIER = com.splitwise.ios.app;
				PRODUCT_NAME = SplitwiseApp;
				SWIFT_EMIT_LOC_STRINGS = YES;
				SWIFT_VERSION = 5.0;
				TARGETED_DEVICE_FAMILY = "1,2";
			};
			name = Debug;
		};
		A83749A2974F42DF91697922 /* Release */ = {
			isa = XCBuildConfiguration;
			buildSettings = {
				ASSETCATALOG_COMPILER_APPICON_NAME = AppIcon;
				CODE_SIGN_STYLE = Automatic;
				CURRENT_PROJECT_VERSION = 1;
				DEVELOPMENT_TEAM = R9TC286V25;
				GENERATE_INFOPLIST_FILE = NO;
				INFOPLIST_FILE = SplitwiseApp/App/Info.plist;
				INFOPLIST_KEY_UIApplicationSceneManifest_Generation = YES;
				INFOPLIST_KEY_UIApplicationSupportsIndirectInputEvents = YES;
				INFOPLIST_KEY_UILaunchScreen_Generation = YES;
				INFOPLIST_KEY_UISupportedInterfaceOrientations_iPad = "UIInterfaceOrientationPortrait UIInterfaceOrientationPortraitUpsideDown UIInterfaceOrientationLandscapeLeft UIInterfaceOrientationLandscapeRight";
				INFOPLIST_KEY_UISupportedInterfaceOrientations_iPhone = "UIInterfaceOrientationPortrait UIInterfaceOrientationLandscapeLeft UIInterfaceOrientationLandscapeRight";
				LD_RUNPATH_SEARCH_PATHS = (
					"$(inherited)",
					"@executable_path/Frameworks",
				);
				MARKETING_VERSION = 1.0.0;
				PRODUCT_BUNDLE_IDENTIFIER = com.splitwise.ios.app;
				PRODUCT_NAME = SplitwiseApp;
				SWIFT_EMIT_LOC_STRINGS = YES;
				SWIFT_VERSION = 5.0;
				TARGETED_DEVICE_FAMILY = "1,2";
			};
			name = Release;
		};
/* End XCBuildConfiguration section */

/* Begin XCConfigurationList section */
		7D60BCFC79664F00A2839C0D /* Build configuration list for PBXProject "SplitwiseApp" */ = {
			isa = XCConfigurationList;
			buildConfigurations = (
				09C5379537C44DF7BF25C11E /* Debug */,
				075258AE27E04615BFED5717 /* Release */,
			);
			defaultConfigurationIsVisible = 0;
			defaultConfigurationName = Release;
		};
		839B3C7566884099B9BF82AC /* Build configuration list for PBXNativeTarget "SplitwiseApp" */ = {
			isa = XCConfigurationList;
			buildConfigurations = (
				0C57994E003E4AE79514A39E /* Debug */,
				A83749A2974F42DF91697922 /* Release */,
			);
			defaultConfigurationIsVisible = 0;
			defaultConfigurationName = Release;
		};
/* End XCConfigurationList section */
	};
	rootObject = 586E0A36716F43A1B7D9BA14 /* Project object */;
}
